{
    "_meta": {
        "hash": {
            "sha256": "31c44aede61ddaf5e67b70240fc4e0784b234af3566c90ca2603937dafe3f26d"
        },
        "pipfile-spec": 6,
        "requires": {
            "python_version": "3.6"
        },
        "sources": [
            {
                "name": "pypi",
                "url": "https://pypi.org/simple",
                "verify_ssl": true
            }
        ]
    },
    "default": {
        "sqlalchemy": {
            "hashes": [
                "sha256:8027fa183f5be466030617a497b2d64e0e16c8d615e5a34bdf9fab6f66bf4723",
                "sha256:f44edc296e9ca49d992a62f7743e45a86b30fe233a085028cc84da988dd7390b"
            ],
            "index": "pypi",
            "version": "==1.2.18"
        }
    },
    "develop": {}
}
